
Microsoft Visual Studio Solution File, Format Version 12.00
# Visual Studio Version 17
VisualStudioVersion = 17.2.32630.192
MinimumVisualStudioVersion = 10.0.40219.1
Project("{9A19103F-16F7-4668-BE54-9A1E7A4F7556}") = "Dotnet-Tool", "Dotnet-Tool.csproj", "{CD2DD511-5191-4B4A-8471-DA4C561C8B2A}"
EndProject
Project("{2150E333-8FDC-42A3-9474-1A3956D46DE8}") = "Projektmappenelemente", "Projektmappenelemente", "{917DF66D-8126-4B99-B45F-536936FFD9AB}"
	ProjectSection(SolutionItems) = preProject
		..\Backlang\Source\.editorconfig = ..\Backlang\Source\.editorconfig
	EndProjectSection
EndProject
Global
	GlobalSection(SolutionConfigurationPlatforms) = preSolution
		Debug|Any CPU = Debug|Any CPU
		Release|Any CPU = Release|Any CPU
	EndGlobalSection
	GlobalSection(ProjectConfigurationPlatforms) = postSolution
		{CD2DD511-5191-4B4A-8471-DA4C561C8B2A}.Debug|Any CPU.ActiveCfg = Debug|Any CPU
		{CD2DD511-5191-4B4A-8471-DA4C561C8B2A}.Debug|Any CPU.Build.0 = Debug|Any CPU
		{CD2DD511-5191-4B4A-8471-DA4C561C8B2A}.Release|Any CPU.ActiveCfg = Release|Any CPU
		{CD2DD511-5191-4B4A-8471-DA4C561C8B2A}.Release|Any CPU.Build.0 = Release|Any CPU
	EndGlobalSection
	GlobalSection(SolutionProperties) = preSolution
		HideSolutionNode = FALSE
	EndGlobalSection
	GlobalSection(ExtensibilityGlobals) = postSolution
		SolutionGuid = {A58E6A9B-8EB1-4373-B934-CCD1DC6DDBD1}
	EndGlobalSection
EndGlobal
